
Microsoft Visual Studio Solution File, Format Version 12.00
# Visual Studio Version 17
VisualStudioVersion = 17.0.31903.59
MinimumVisualStudioVersion = 10.0.40219.1
Project("{FAE04EC0-301F-11D3-BF4B-00C04F79EFBC}") = "GerenciadorFuncionarios.API", "GerenciadorFuncionarios.API\GerenciadorFuncionarios.API.csproj", "{A458A023-7107-4CDC-85F6-707C528324F2}"
EndProject
Project("{FAE04EC0-301F-11D3-BF4B-00C04F79EFBC}") = "GerenciadorFuncionarios.Aplicacao", "GerenciadorFuncionarios.Aplicacao\GerenciadorFuncionarios.Aplicacao.csproj", "{1B63CD9F-3E45-465E-A891-4843B5779A29}"
EndProject
Project("{FAE04EC0-301F-11D3-BF4B-00C04F79EFBC}") = "GerenciadorFuncionarios.Dominio", "GerenciadorFuncionarios.Dominio\GerenciadorFuncionarios.Dominio.csproj", "{4D024682-21E1-4EDF-8C01-0FFF92964016}"
EndProject
Project("{FAE04EC0-301F-11D3-BF4B-00C04F79EFBC}") = "GerenciadorFuncionarios.Infraestrutura", "GerenciadorFuncionarios.Infraestrutura\GerenciadorFuncionarios.Infraestrutura.csproj", "{0AA8DD0D-DA5A-4709-AF2D-83FE85C6ED22}"
EndProject
Project("{FAE04EC0-301F-11D3-BF4B-00C04F79EFBC}") = "GerenciadorFuncionarios.Testes", "GerenciadorFuncionarios.Testes\GerenciadorFuncionarios.Testes.csproj", "{C5FD3362-FB62-4805-ABEA-AF3874D4F0C9}"
EndProject
Global
	GlobalSection(SolutionConfigurationPlatforms) = preSolution
		Debug|Any CPU = Debug|Any CPU
		Debug|x64 = Debug|x64
		Debug|x86 = Debug|x86
		Release|Any CPU = Release|Any CPU
		Release|x64 = Release|x64
		Release|x86 = Release|x86
	EndGlobalSection
	GlobalSection(ProjectConfigurationPlatforms) = postSolution
		{A458A023-7107-4CDC-85F6-707C528324F2}.Debug|Any CPU.ActiveCfg = Debug|Any CPU
		{A458A023-7107-4CDC-85F6-707C528324F2}.Debug|Any CPU.Build.0 = Debug|Any CPU
		{A458A023-7107-4CDC-85F6-707C528324F2}.Debug|x64.ActiveCfg = Debug|Any CPU
		{A458A023-7107-4CDC-85F6-707C528324F2}.Debug|x64.Build.0 = Debug|Any CPU
		{A458A023-7107-4CDC-85F6-707C528324F2}.Debug|x86.ActiveCfg = Debug|Any CPU
		{A458A023-7107-4CDC-85F6-707C528324F2}.Debug|x86.Build.0 = Debug|Any CPU
		{A458A023-7107-4CDC-85F6-707C528324F2}.Release|Any CPU.ActiveCfg = Release|Any CPU
		{A458A023-7107-4CDC-85F6-707C528324F2}.Release|Any CPU.Build.0 = Release|Any CPU
		{A458A023-7107-4CDC-85F6-707C528324F2}.Release|x64.ActiveCfg = Release|Any CPU
		{A458A023-7107-4CDC-85F6-707C528324F2}.Release|x64.Build.0 = Release|Any CPU
		{A458A023-7107-4CDC-85F6-707C528324F2}.Release|x86.ActiveCfg = Release|Any CPU
		{A458A023-7107-4CDC-85F6-707C528324F2}.Release|x86.Build.0 = Release|Any CPU
		{1B63CD9F-3E45-465E-A891-4843B5779A29}.Debug|Any CPU.ActiveCfg = Debug|Any CPU
		{1B63CD9F-3E45-465E-A891-4843B5779A29}.Debug|Any CPU.Build.0 = Debug|Any CPU
		{1B63CD9F-3E45-465E-A891-4843B5779A29}.Debug|x64.ActiveCfg = Debug|Any CPU
		{1B63CD9F-3E45-465E-A891-4843B5779A29}.Debug|x64.Build.0 = Debug|Any CPU
		{1B63CD9F-3E45-465E-A891-4843B5779A29}.Debug|x86.ActiveCfg = Debug|Any CPU
		{1B63CD9F-3E45-465E-A891-4843B5779A29}.Debug|x86.Build.0 = Debug|Any CPU
		{1B63CD9F-3E45-465E-A891-4843B5779A29}.Release|Any CPU.ActiveCfg = Release|Any CPU
		{1B63CD9F-3E45-465E-A891-4843B5779A29}.Release|Any CPU.Build.0 = Release|Any CPU
		{1B63CD9F-3E45-465E-A891-4843B5779A29}.Release|x64.ActiveCfg = Release|Any CPU
		{1B63CD9F-3E45-465E-A891-4843B5779A29}.Release|x64.Build.0 = Release|Any CPU
		{1B63CD9F-3E45-465E-A891-4843B5779A29}.Release|x86.ActiveCfg = Release|Any CPU
		{1B63CD9F-3E45-465E-A891-4843B5779A29}.Release|x86.Build.0 = Release|Any CPU
		{4D024682-21E1-4EDF-8C01-0FFF92964016}.Debug|Any CPU.ActiveCfg = Debug|Any CPU
		{4D024682-21E1-4EDF-8C01-0FFF92964016}.Debug|Any CPU.Build.0 = Debug|Any CPU
		{4D024682-21E1-4EDF-8C01-0FFF92964016}.Debug|x64.ActiveCfg = Debug|Any CPU
		{4D024682-21E1-4EDF-8C01-0FFF92964016}.Debug|x64.Build.0 = Debug|Any CPU
		{4D024682-21E1-4EDF-8C01-0FFF92964016}.Debug|x86.ActiveCfg = Debug|Any CPU
		{4D024682-21E1-4EDF-8C01-0FFF92964016}.Debug|x86.Build.0 = Debug|Any CPU
		{4D024682-21E1-4EDF-8C01-0FFF92964016}.Release|Any CPU.ActiveCfg = Release|Any CPU
		{4D024682-21E1-4EDF-8C01-0FFF92964016}.Release|Any CPU.Build.0 = Release|Any CPU
		{4D024682-21E1-4EDF-8C01-0FFF92964016}.Release|x64.ActiveCfg = Release|Any CPU
		{4D024682-21E1-4EDF-8C01-0FFF92964016}.Release|x64.Build.0 = Release|Any CPU
		{4D024682-21E1-4EDF-8C01-0FFF92964016}.Release|x86.ActiveCfg = Release|Any CPU
		{4D024682-21E1-4EDF-8C01-0FFF92964016}.Release|x86.Build.0 = Release|Any CPU
		{0AA8DD0D-DA5A-4709-AF2D-83FE85C6ED22}.Debug|Any CPU.ActiveCfg = Debug|Any CPU
		{0AA8DD0D-DA5A-4709-AF2D-83FE85C6ED22}.Debug|Any CPU.Build.0 = Debug|Any CPU
		{0AA8DD0D-DA5A-4709-AF2D-83FE85C6ED22}.Debug|x64.ActiveCfg = Debug|Any CPU
		{0AA8DD0D-DA5A-4709-AF2D-83FE85C6ED22}.Debug|x64.Build.0 = Debug|Any CPU
		{0AA8DD0D-DA5A-4709-AF2D-83FE85C6ED22}.Debug|x86.ActiveCfg = Debug|Any CPU
		{0AA8DD0D-DA5A-4709-AF2D-83FE85C6ED22}.Debug|x86.Build.0 = Debug|Any CPU
		{0AA8DD0D-DA5A-4709-AF2D-83FE85C6ED22}.Release|Any CPU.ActiveCfg = Release|Any CPU
		{0AA8DD0D-DA5A-4709-AF2D-83FE85C6ED22}.Release|Any CPU.Build.0 = Release|Any CPU
		{0AA8DD0D-DA5A-4709-AF2D-83FE85C6ED22}.Release|x64.ActiveCfg = Release|Any CPU
		{0AA8DD0D-DA5A-4709-AF2D-83FE85C6ED22}.Release|x64.Build.0 = Release|Any CPU
		{0AA8DD0D-DA5A-4709-AF2D-83FE85C6ED22}.Release|x86.ActiveCfg = Release|Any CPU
		{0AA8DD0D-DA5A-4709-AF2D-83FE85C6ED22}.Release|x86.Build.0 = Release|Any CPU
		{C5FD3362-FB62-4805-ABEA-AF3874D4F0C9}.Debug|Any CPU.ActiveCfg = Debug|Any CPU
		{C5FD3362-FB62-4805-ABEA-AF3874D4F0C9}.Debug|Any CPU.Build.0 = Debug|Any CPU
		{C5FD3362-FB62-4805-ABEA-AF3874D4F0C9}.Debug|x64.ActiveCfg = Debug|Any CPU
		{C5FD3362-FB62-4805-ABEA-AF3874D4F0C9}.Debug|x64.Build.0 = Debug|Any CPU
		{C5FD3362-FB62-4805-ABEA-AF3874D4F0C9}.Debug|x86.ActiveCfg = Debug|Any CPU
		{C5FD3362-FB62-4805-ABEA-AF3874D4F0C9}.Debug|x86.Build.0 = Debug|Any CPU
		{C5FD3362-FB62-4805-ABEA-AF3874D4F0C9}.Release|Any CPU.ActiveCfg = Release|Any CPU
		{C5FD3362-FB62-4805-ABEA-AF3874D4F0C9}.Release|Any CPU.Build.0 = Release|Any CPU
		{C5FD3362-FB62-4805-ABEA-AF3874D4F0C9}.Release|x64.ActiveCfg = Release|Any CPU
		{C5FD3362-FB62-4805-ABEA-AF3874D4F0C9}.Release|x64.Build.0 = Release|Any CPU
		{C5FD3362-FB62-4805-ABEA-AF3874D4F0C9}.Release|x86.ActiveCfg = Release|Any CPU
		{C5FD3362-FB62-4805-ABEA-AF3874D4F0C9}.Release|x86.Build.0 = Release|Any CPU
	EndGlobalSection
	GlobalSection(SolutionProperties) = preSolution
		HideSolutionNode = FALSE
	EndGlobalSection
EndGlobal
